
Microsoft Visual Studio Solution File, Format Version 12.00
# Visual Studio 15
VisualStudioVersion = 15.0.27130.2024
MinimumVisualStudioVersion = 10.0.40219.1
Project("{FAE04EC0-301F-11D3-BF4B-00C04F79EFBC}") = "Inpainting", "Inpainting\Inpainting.csproj", "{DE1E1F2A-3446-4267-8F76-518F29DE58A0}"
EndProject
Project("{2150E333-8FDC-42A3-9474-1A3956D46DE8}") = "Samples", "Samples", "{10E9F6F4-4AEA-4C61-8A09-88D623E1EB97}"
EndProject
Project("{FAE04EC0-301F-11D3-BF4B-00C04F79EFBC}") = "ConsoleWexlerPipeline", "Samples\ConsoleWexlerPipeline\ConsoleWexlerPipeline.csproj", "{7A1DAAF4-743B-42D5-A0EE-6E711A538EA8}"
EndProject
Project("{FAE04EC0-301F-11D3-BF4B-00C04F79EFBC}") = "ColorsCalculation", "Samples\ColorsCalculation\ColorsCalculation.csproj", "{2C274C0C-CFEC-4355-B41B-086868D3A170}"
EndProject
Project("{FAE04EC0-301F-11D3-BF4B-00C04F79EFBC}") = "ConsoleInpaintAreaDonors", "Samples\ConsoleInpaintAreaDonors\ConsoleInpaintAreaDonors.csproj", "{DF4BED80-AE3B-44B3-A3A8-4C20B1E891A1}"
EndProject
Project("{FAE04EC0-301F-11D3-BF4B-00C04F79EFBC}") = "EnergyUpdate", "Samples\EnergyUpdate\EnergyUpdate.csproj", "{AAB0FA09-F7F0-47D7-9E51-2CEEBEFEA7B1}"
EndProject
Project("{FAE04EC0-301F-11D3-BF4B-00C04F79EFBC}") = "SeamCarving", "Samples\SeamCarving\SeamCarving.csproj", "{3E6F4CD5-6D83-4B94-81DB-FBC8689B8AA7}"
EndProject
Project("{FAE04EC0-301F-11D3-BF4B-00C04F79EFBC}") = "SeamCarving3", "Samples\SeamCarving3\SeamCarving3.csproj", "{91F954DD-DB98-4BA0-8B8C-2B2B7CAA0F1F}"
EndProject
Project("{FAE04EC0-301F-11D3-BF4B-00C04F79EFBC}") = "Inpainting.UnitTests", "Inpainting.UnitTests\Inpainting.UnitTests.csproj", "{7A507467-F683-44BD-A27C-615ED8BE18FF}"
EndProject
Global
	GlobalSection(SolutionConfigurationPlatforms) = preSolution
		Debug|Any CPU = Debug|Any CPU
		Release|Any CPU = Release|Any CPU
	EndGlobalSection
	GlobalSection(ProjectConfigurationPlatforms) = postSolution
		{DE1E1F2A-3446-4267-8F76-518F29DE58A0}.Debug|Any CPU.ActiveCfg = Debug|Any CPU
		{DE1E1F2A-3446-4267-8F76-518F29DE58A0}.Debug|Any CPU.Build.0 = Debug|Any CPU
		{DE1E1F2A-3446-4267-8F76-518F29DE58A0}.Release|Any CPU.ActiveCfg = Release|Any CPU
		{DE1E1F2A-3446-4267-8F76-518F29DE58A0}.Release|Any CPU.Build.0 = Release|Any CPU
		{7A1DAAF4-743B-42D5-A0EE-6E711A538EA8}.Debug|Any CPU.ActiveCfg = Debug|Any CPU
		{7A1DAAF4-743B-42D5-A0EE-6E711A538EA8}.Debug|Any CPU.Build.0 = Debug|Any CPU
		{7A1DAAF4-743B-42D5-A0EE-6E711A538EA8}.Release|Any CPU.ActiveCfg = Release|Any CPU
		{7A1DAAF4-743B-42D5-A0EE-6E711A538EA8}.Release|Any CPU.Build.0 = Release|Any CPU
		{2C274C0C-CFEC-4355-B41B-086868D3A170}.Debug|Any CPU.ActiveCfg = Debug|Any CPU
		{2C274C0C-CFEC-4355-B41B-086868D3A170}.Debug|Any CPU.Build.0 = Debug|Any CPU
		{2C274C0C-CFEC-4355-B41B-086868D3A170}.Release|Any CPU.ActiveCfg = Release|Any CPU
		{2C274C0C-CFEC-4355-B41B-086868D3A170}.Release|Any CPU.Build.0 = Release|Any CPU
		{DF4BED80-AE3B-44B3-A3A8-4C20B1E891A1}.Debug|Any CPU.ActiveCfg = Debug|Any CPU
		{DF4BED80-AE3B-44B3-A3A8-4C20B1E891A1}.Debug|Any CPU.Build.0 = Debug|Any CPU
		{DF4BED80-AE3B-44B3-A3A8-4C20B1E891A1}.Release|Any CPU.ActiveCfg = Release|Any CPU
		{DF4BED80-AE3B-44B3-A3A8-4C20B1E891A1}.Release|Any CPU.Build.0 = Release|Any CPU
		{AAB0FA09-F7F0-47D7-9E51-2CEEBEFEA7B1}.Debug|Any CPU.ActiveCfg = Debug|Any CPU
		{AAB0FA09-F7F0-47D7-9E51-2CEEBEFEA7B1}.Debug|Any CPU.Build.0 = Debug|Any CPU
		{AAB0FA09-F7F0-47D7-9E51-2CEEBEFEA7B1}.Release|Any CPU.ActiveCfg = Release|Any CPU
		{AAB0FA09-F7F0-47D7-9E51-2CEEBEFEA7B1}.Release|Any CPU.Build.0 = Release|Any CPU
		{3E6F4CD5-6D83-4B94-81DB-FBC8689B8AA7}.Debug|Any CPU.ActiveCfg = Debug|Any CPU
		{3E6F4CD5-6D83-4B94-81DB-FBC8689B8AA7}.Debug|Any CPU.Build.0 = Debug|Any CPU
		{3E6F4CD5-6D83-4B94-81DB-FBC8689B8AA7}.Release|Any CPU.ActiveCfg = Release|Any CPU
		{3E6F4CD5-6D83-4B94-81DB-FBC8689B8AA7}.Release|Any CPU.Build.0 = Release|Any CPU
		{91F954DD-DB98-4BA0-8B8C-2B2B7CAA0F1F}.Debug|Any CPU.ActiveCfg = Debug|Any CPU
		{91F954DD-DB98-4BA0-8B8C-2B2B7CAA0F1F}.Debug|Any CPU.Build.0 = Debug|Any CPU
		{91F954DD-DB98-4BA0-8B8C-2B2B7CAA0F1F}.Release|Any CPU.ActiveCfg = Release|Any CPU
		{91F954DD-DB98-4BA0-8B8C-2B2B7CAA0F1F}.Release|Any CPU.Build.0 = Release|Any CPU
		{7A507467-F683-44BD-A27C-615ED8BE18FF}.Debug|Any CPU.ActiveCfg = Debug|Any CPU
		{7A507467-F683-44BD-A27C-615ED8BE18FF}.Debug|Any CPU.Build.0 = Debug|Any CPU
		{7A507467-F683-44BD-A27C-615ED8BE18FF}.Release|Any CPU.ActiveCfg = Release|Any CPU
		{7A507467-F683-44BD-A27C-615ED8BE18FF}.Release|Any CPU.Build.0 = Release|Any CPU
	EndGlobalSection
	GlobalSection(SolutionProperties) = preSolution
		HideSolutionNode = FALSE
	EndGlobalSection
	GlobalSection(NestedProjects) = preSolution
		{7A1DAAF4-743B-42D5-A0EE-6E711A538EA8} = {10E9F6F4-4AEA-4C61-8A09-88D623E1EB97}
		{2C274C0C-CFEC-4355-B41B-086868D3A170} = {10E9F6F4-4AEA-4C61-8A09-88D623E1EB97}
		{DF4BED80-AE3B-44B3-A3A8-4C20B1E891A1} = {10E9F6F4-4AEA-4C61-8A09-88D623E1EB97}
		{AAB0FA09-F7F0-47D7-9E51-2CEEBEFEA7B1} = {10E9F6F4-4AEA-4C61-8A09-88D623E1EB97}
		{3E6F4CD5-6D83-4B94-81DB-FBC8689B8AA7} = {10E9F6F4-4AEA-4C61-8A09-88D623E1EB97}
		{91F954DD-DB98-4BA0-8B8C-2B2B7CAA0F1F} = {10E9F6F4-4AEA-4C61-8A09-88D623E1EB97}
	EndGlobalSection
	GlobalSection(ExtensibilityGlobals) = postSolution
		SolutionGuid = {DFFB98D7-F1D5-4B78-88EC-A639FD00DC56}
	EndGlobalSection
EndGlobal
